{
  "object": {
    "pins": [
      {
        "package": "CryptoSwift",
        "repositoryURL": "https://github.com/krzyzanowskim/CryptoSwift",
        "state": {
          "branch": null,
          "revision": "5da70ba744d58d772201f03600eb16c53197652d",
          "version": "0.15.0"
        }
      }
    ]
  },
  "version": 1
}
