{
  "object": {
    "pins": [
      {
        "package": "CryptoSwift",
        "repositoryURL": "https://github.com/krzyzanowskim/CryptoSwift",
        "state": {
          "branch": null,
          "revision": "c5ee516c9616ec7dc2a000007ddb8bf5d9543c74",
          "version": "0.13.1"
        }
      }
    ]
  },
  "version": 1
}
