{
  "object": {
    "pins": [
      {
        "package": "CryptoSwift",
        "repositoryURL": "https://github.com/krzyzanowskim/CryptoSwift",
        "state": {
          "branch": null,
          "revision": "daafe952bf379bc176d6970cf52bb3747d264fcb",
          "version": "0.7.2"
        }
      }
    ]
  },
  "version": 1
}
